Microsoft Visual Studio Solution File, Format Version 12.00
# Visual Studio Version 16
VisualStudioVersion = 16.0.28729.10
MinimumVisualStudioVersion = 10.0.40219.1
Project("{9A19103F-16F7-4668-BE54-9A1E7A4F7556}") = "DangEasy.Interfaces.RestEmail", "DangEasy.Interfaces.RestEmail\DangEasy.Interfaces.RestEmail.csproj", "{4A67A252-E130-41EB-98E2-2EED2A4D4D1C}"
EndProject
Global
	GlobalSection(SolutionConfigurationPlatforms) = preSolution
		Debug|Any CPU = Debug|Any CPU
		Release|Any CPU = Release|Any CPU
	EndGlobalSection
	GlobalSection(ProjectConfigurationPlatforms) = postSolution
		{4A67A252-E130-41EB-98E2-2EED2A4D4D1C}.Debug|Any CPU.ActiveCfg = Debug|Any CPU
		{4A67A252-E130-41EB-98E2-2EED2A4D4D1C}.Debug|Any CPU.Build.0 = Debug|Any CPU
		{4A67A252-E130-41EB-98E2-2EED2A4D4D1C}.Release|Any CPU.ActiveCfg = Release|Any CPU
		{4A67A252-E130-41EB-98E2-2EED2A4D4D1C}.Release|Any CPU.Build.0 = Release|Any CPU
	EndGlobalSection
	GlobalSection(SolutionProperties) = preSolution
		HideSolutionNode = FALSE
	EndGlobalSection
	GlobalSection(ExtensibilityGlobals) = postSolution
		SolutionGuid = {83CE6415-CCC6-4B74-95D4-92B0F1BA282B}
	EndGlobalSection
EndGlobal
